# This file is automatically @generated by Poetry and should not be changed by hand.

[[package]]
name = "absl-py"
version = "1.4.0"
description = "Abseil Python Common Libraries, see https://github.com/abseil/abseil-py."
category = "main"
optional = false
python-versions = ">=3.6"
files = [
    {file = "absl-py-1.4.0.tar.gz", hash = "sha256:d2c244d01048ba476e7c080bd2c6df5e141d211de80223460d5b3b8a2a58433d"},
    {file = "absl_py-1.4.0-py3-none-any.whl", hash = "sha256:0d3fe606adfa4f7db64792dd4c7aee4ee0c38ab75dfd353b7a83ed3e957fcb47"},
]

[[package]]
name = "chex"
version = "0.1.81"
description = "Chex: Testing made fun, in JAX!"
category = "main"
optional = false
python-versions = ">=3.9"
files = [
    {file = "chex-0.1.81-py3-none-any.whl", hash = "sha256:b78b60d440b9172cbf7a15f2c126eac21b3761752bc9f901ab4e3c63530e1554"},
    {file = "chex-0.1.81.tar.gz", hash = "sha256:22801735acb0402453e59cf9d6f71c3bfededce77c450230eba49ec0755afdbc"},
]

[package.dependencies]
absl-py = ">=0.9.0"
dm-tree = ">=0.1.5"
jax = ">=0.4.6"
jaxlib = ">=0.1.37"
numpy = ">=1.25.0"
toolz = ">=0.9.0"
typing-extensions = ">=4.2.0"

[[package]]
name = "dm-tree"
version = "0.1.8"
description = "Tree is a library for working with nested data structures."
category = "main"
optional = false
python-versions = "*"
files = [
    {file = "dm-tree-0.1.8.tar.gz", hash = "sha256:0fcaabbb14e7980377439e7140bd05552739ca5e515ecb3119f234acee4b9430"},
    {file = "dm_tree-0.1.8-cp310-cp310-macosx_10_9_universal2.whl", hash = "sha256:35cc164a79336bfcfafb47e5f297898359123bbd3330c1967f0c4994f9cf9f60"},
    {file = "dm_tree-0.1.8-cp310-cp310-macosx_10_9_x86_64.whl", hash = "sha256:39070ba268c0491af9fe7a58644d99e8b4f2cde6e5884ba3380bddc84ed43d5f"},
    {file = "dm_tree-0.1.8-cp310-cp310-macosx_11_0_arm64.whl", hash = "sha256:2869228d9c619074de501a3c10dc7f07c75422f8fab36ecdcb859b6f1b1ec3ef"},
    {file = "dm_tree-0.1.8-cp310-cp310-manylinux_2_17_aarch64.manylinux2014_aarch64.whl", hash = "sha256:d20f2faa3672b52e5013f4077117bfb99c4cfc0b445d3bde1584c34032b57436"},
    {file = "dm_tree-0.1.8-cp310-cp310-manylinux_2_17_i686.manylinux2014_i686.whl", hash = "sha256:5483dca4d7eb1a0d65fe86d3b6a53ae717face83c1f17e0887b1a4a64ae5c410"},
    {file = "dm_tree-0.1.8-cp310-cp310-manylinux_2_17_s390x.manylinux2014_s390x.whl", hash = "sha256:1d7c26e431fc93cc7e0cba867eb000db6a05f6f2b25af11ac4e9dada88fc5bca"},
    {file = "dm_tree-0.1.8-cp310-cp310-manylinux_2_17_x86_64.manylinux2014_x86_64.whl", hash = "sha256:e4d714371bb08839e4e5e29024fc95832d9affe129825ef38836b143028bd144"},
    {file = "dm_tree-0.1.8-cp310-cp310-win_amd64.whl", hash = "sha256:d40fa4106ca6edc66760246a08f500ec0c85ef55c762fb4a363f6ee739ba02ee"},
    {file = "dm_tree-0.1.8-cp311-cp311-macosx_10_9_universal2.whl", hash = "sha256:ad16ceba90a56ec47cf45b21856d14962ac314787975ef786efb5e6e9ca75ec7"},
    {file = "dm_tree-0.1.8-cp311-cp311-macosx_10_9_x86_64.whl", hash = "sha256:803bfc53b4659f447ac694dbd04235f94a73ef7c1fd1e0df7c84ac41e0bc963b"},
    {file = "dm_tree-0.1.8-cp311-cp311-macosx_11_0_arm64.whl", hash = "sha256:378cc8ad93c5fe3590f405a309980721f021c790ca1bdf9b15bb1d59daec57f5"},
    {file = "dm_tree-0.1.8-cp311-cp311-manylinux_2_17_aarch64.manylinux2014_aarch64.whl", hash = "sha256:1607ce49aa42f010d1e5e616d92ce899d66835d4d8bea49679582435285515de"},
    {file = "dm_tree-0.1.8-cp311-cp311-manylinux_2_17_i686.manylinux2014_i686.whl", hash = "sha256:343a4a4ebaa127451ff971254a4be4084eb4bdc0b2513c32b46f6f728fd03f9e"},
    {file = "dm_tree-0.1.8-cp311-cp311-manylinux_2_17_s390x.manylinux2014_s390x.whl", hash = "sha256:fa42a605d099ee7d41ba2b5fb75e21423951fd26e5d50583a00471238fb3021d"},
    {file = "dm_tree-0.1.8-cp311-cp311-manylinux_2_17_x86_64.manylinux2014_x86_64.whl", hash = "sha256:83b7764de0d855338abefc6e3ee9fe40d301668310aa3baea3f778ff051f4393"},
    {file = "dm_tree-0.1.8-cp311-cp311-win_amd64.whl", hash = "sha256:a5d819c38c03f0bb5b3b3703c60e4b170355a0fc6b5819325bf3d4ceb3ae7e80"},
    {file = "dm_tree-0.1.8-cp37-cp37m-macosx_10_9_x86_64.whl", hash = "sha256:8c60a7eadab64c2278861f56bca320b2720f163dca9d7558103c3b77f2416571"},
    {file = "dm_tree-0.1.8-cp37-cp37m-manylinux_2_17_aarch64.manylinux2014_aarch64.whl", hash = "sha256:af4b3d372f2477dcd89a6e717e4a575ca35ccc20cc4454a8a4b6f8838a00672d"},
    {file = "dm_tree-0.1.8-cp37-cp37m-manylinux_2_17_i686.manylinux2014_i686.whl", hash = "sha256:de287fabc464b8734be251e46e06aa9aa1001f34198da2b6ce07bd197172b9cb"},
    {file = "dm_tree-0.1.8-cp37-cp37m-manylinux_2_17_s390x.manylinux2014_s390x.whl", hash = "sha256:054b461f8176f4bce7a21f7b1870f873a1ced3bdbe1282c816c550bb43c71fa6"},
    {file = "dm_tree-0.1.8-cp37-cp37m-manylinux_2_17_x86_64.manylinux2014_x86_64.whl", hash = "sha256:2f7915660f59c09068e428613c480150180df1060561fd0d1470684ae7007bd1"},
    {file = "dm_tree-0.1.8-cp37-cp37m-win_amd64.whl", hash = "sha256:b9f89a454e98806b44fe9d40ec9eee61f848388f7e79ac2371a55679bd5a3ac6"},
    {file = "dm_tree-0.1.8-cp38-cp38-macosx_10_9_universal2.whl", hash = "sha256:0e9620ccf06393eb6b613b5e366469304622d4ea96ae6540b28a33840e6c89cf"},
    {file = "dm_tree-0.1.8-cp38-cp38-macosx_10_9_x86_64.whl", hash = "sha256:b095ba4f8ca1ba19350fd53cf1f8f3eb0bd406aa28af64a6dfc86707b32a810a"},
    {file = "dm_tree-0.1.8-cp38-cp38-macosx_11_0_arm64.whl", hash = "sha256:b9bd9b9ccb59409d33d51d84b7668010c04c2af7d4a371632874c1ca356cff3d"},
    {file = "dm_tree-0.1.8-cp38-cp38-manylinux_2_17_aarch64.manylinux2014_aarch64.whl", hash = "sha256:0d3172394079a86c3a759179c65f64c48d1a42b89495fcf38976d11cc3bb952c"},
    {file = "dm_tree-0.1.8-cp38-cp38-manylinux_2_17_i686.manylinux2014_i686.whl", hash = "sha256:d1612fcaecd79023dbc6a6ae48d51a80beb5c385d6f3f6d71688e57bc8d07de8"},
    {file = "dm_tree-0.1.8-cp38-cp38-manylinux_2_17_s390x.manylinux2014_s390x.whl", hash = "sha256:c5c8c12e3fda754ef6af94161bacdaeda816d941995fac415d6855c6c386af68"},
    {file = "dm_tree-0.1.8-cp38-cp38-manylinux_2_17_x86_64.manylinux2014_x86_64.whl", hash = "sha256:694c3654cfd2a81552c08ec66bb5c4a3d48fa292b9a181880fb081c36c5b9134"},
    {file = "dm_tree-0.1.8-cp38-cp38-win_amd64.whl", hash = "sha256:bb2d109f42190225112da899b9f3d46d0d5f26aef501c61e43529fe9322530b5"},
    {file = "dm_tree-0.1.8-cp39-cp39-macosx_10_9_universal2.whl", hash = "sha256:d16e1f2a073604cfcc09f7131ae8d534674f43c3aef4c25742eae295bc60d04f"},
    {file = "dm_tree-0.1.8-cp39-cp39-macosx_10_9_x86_64.whl", hash = "sha256:250b692fb75f45f02e2f58fbef9ab338904ef334b90557565621fa251df267cf"},
    {file = "dm_tree-0.1.8-cp39-cp39-macosx_11_0_arm64.whl", hash = "sha256:81fce77f22a302d7a5968aebdf4efafef4def7ce96528719a354e6990dcd49c7"},
    {file = "dm_tree-0.1.8-cp39-cp39-manylinux_2_17_aarch64.manylinux2014_aarch64.whl", hash = "sha256:f7ac31b9aecccb2c6e1ab29706f6ded3eba0c2c69c770322c9c685929c3d6afb"},
    {file = "dm_tree-0.1.8-cp39-cp39-manylinux_2_17_i686.manylinux2014_i686.whl", hash = "sha256:1fe962015b2fe1282892b28ebe962faed53c7f98d942da9a4625cbf27baef913"},
    {file = "dm_tree-0.1.8-cp39-cp39-manylinux_2_17_s390x.manylinux2014_s390x.whl", hash = "sha256:28c52cbf4f8b3dbd0beaedf44f69fa85eec5e9dede612e08035e06ada6ec9426"},
    {file = "dm_tree-0.1.8-cp39-cp39-manylinux_2_17_x86_64.manylinux2014_x86_64.whl", hash = "sha256:181c35521d480d0365f39300542cb6cd7fd2b77351bb43d7acfda15aef63b317"},
    {file = "dm_tree-0.1.8-cp39-cp39-win_amd64.whl", hash = "sha256:8ed3564abed97c806db122c2d3e1a2b64c74a63debe9903aad795167cc301368"},
]

[[package]]
name = "equinox"
version = "0.10.6"
description = "Elegant easy-to-use neural networks in JAX."
category = "main"
optional = false
python-versions = "~=3.9"
files = [
    {file = "equinox-0.10.6-py3-none-any.whl", hash = "sha256:dcde6bda650bf1c0bc2e2d2f74e537f660426ced5f6a4ba98f5d1c347991b72c"},
    {file = "equinox-0.10.6.tar.gz", hash = "sha256:ea3cc9159ae01adb7ef58e2618caf798388ae9ad1a1d7ecfee7e61635d8f4f88"},
]

[package.dependencies]
jax = ">=0.4.11"
jaxtyping = ">=0.2.20"
typing-extensions = ">=4.5.0"

[[package]]
name = "jax"
version = "0.4.13"
description = "Differentiate, compile, and transform Numpy code."
category = "main"
optional = false
python-versions = ">=3.8"
files = [
    {file = "jax-0.4.13.tar.gz", hash = "sha256:03bfe6749dfe647f16f15f6616638adae6c4a7ca7167c75c21961ecfd3a3baaa"},
]

[package.dependencies]
ml_dtypes = ">=0.1.0"
numpy = ">=1.21"
opt_einsum = "*"
scipy = ">=1.7"

[package.extras]
australis = ["protobuf (>=3.13,<4)"]
ci = ["jaxlib (==0.4.12)"]
cpu = ["jaxlib (==0.4.13)"]
cuda = ["jaxlib (==0.4.13+cuda11.cudnn86)"]
cuda11-cudnn86 = ["jaxlib (==0.4.13+cuda11.cudnn86)"]
cuda11-local = ["jaxlib (==0.4.13+cuda11.cudnn86)"]
cuda11-pip = ["jaxlib (==0.4.13+cuda11.cudnn86)", "nvidia-cublas-cu11 (>=11.11)", "nvidia-cuda-cupti-cu11 (>=11.8)", "nvidia-cuda-nvcc-cu11 (>=11.8)", "nvidia-cuda-runtime-cu11 (>=11.8)", "nvidia-cudnn-cu11 (>=8.8)", "nvidia-cufft-cu11 (>=10.9)", "nvidia-cusolver-cu11 (>=11.4)", "nvidia-cusparse-cu11 (>=11.7)"]
cuda12-local = ["jaxlib (==0.4.13+cuda12.cudnn89)"]
cuda12-pip = ["jaxlib (==0.4.13+cuda12.cudnn89)", "nvidia-cublas-cu12", "nvidia-cuda-cupti-cu12", "nvidia-cuda-nvcc-cu12", "nvidia-cuda-runtime-cu12", "nvidia-cudnn-cu12 (>=8.9)", "nvidia-cufft-cu12", "nvidia-cusolver-cu12", "nvidia-cusparse-cu12"]
minimum-jaxlib = ["jaxlib (==0.4.11)"]
tpu = ["jaxlib (==0.4.13)", "libtpu-nightly (==0.1.dev20230622)"]

[[package]]
name = "jaxlib"
version = "0.4.13"
description = "XLA library for JAX"
category = "main"
optional = false
python-versions = ">=3.8"
files = [
    {file = "jaxlib-0.4.13-cp310-cp310-macosx_10_14_x86_64.whl", hash = "sha256:532ebc4fb11386282ad63b83941d4557f4038c1144acf026f1f8565f64c7e9c0"},
    {file = "jaxlib-0.4.13-cp310-cp310-macosx_11_0_arm64.whl", hash = "sha256:a259bb35429bfbd3b76e43019dfc8f7d6ea94bb217400b78f7d0824ce07a58ac"},
    {file = "jaxlib-0.4.13-cp310-cp310-manylinux2014_x86_64.whl", hash = "sha256:ea1bc9811ef7d73a15e3213115e88fe7f5d14b59d95027bea9fccc98e5a14af8"},
    {file = "jaxlib-0.4.13-cp310-cp310-win_amd64.whl", hash = "sha256:fde66a93e9be89d99e5792f677ed8e319667d6b2396865b1c52c1312844c47f9"},
    {file = "jaxlib-0.4.13-cp311-cp311-macosx_10_14_x86_64.whl", hash = "sha256:49690fcdd26560515fd15399fc3a44777e0bfc5db5c48fe76ff7bc7228e8b2fb"},
    {file = "jaxlib-0.4.13-cp311-cp311-macosx_11_0_arm64.whl", hash = "sha256:f4e9e34e5d8a6556f62fead14aee0b1614c2c6296f0078d8e6139d6aff109649"},
    {file = "jaxlib-0.4.13-cp311-cp311-manylinux2014_x86_64.whl", hash = "sha256:8000c0d15c107328e8f7b7b3ac91dd822f5c287a80231882b620503ed141fa89"},
    {file = "jaxlib-0.4.13-cp311-cp311-win_amd64.whl", hash = "sha256:19ae4c316b17a49342432c69f7f89f190b975333f3f9e9e175f686a651bc7347"},
    {file = "jaxlib-0.4.13-cp38-cp38-macosx_10_14_x86_64.whl", hash = "sha256:522635d5e159401a386c79f1236c218c1f68fbb4ca6648115c3ad3c2c3f518ab"},
    {file = "jaxlib-0.4.13-cp38-cp38-macosx_11_0_arm64.whl", hash = "sha256:411334d903df07dc1ace8d52fc53c17f6bc1d55aff7f6e0e5cf61ec149f758a0"},
    {file = "jaxlib-0.4.13-cp38-cp38-manylinux2014_x86_64.whl", hash = "sha256:839173b2e9593f5e9a6d3c42852cd15070fe80a939246efbb5cf40eec815de89"},
    {file = "jaxlib-0.4.13-cp39-cp39-macosx_10_14_x86_64.whl", hash = "sha256:c230ef85712e608d0f048869766a5a63afeb2e72309943db0df9f959ab17307f"},
    {file = "jaxlib-0.4.13-cp39-cp39-macosx_11_0_arm64.whl", hash = "sha256:d19c05c15f962e098d49b45e2758aacf19330d192ec5395f9ef136f62db90edc"},
    {file = "jaxlib-0.4.13-cp39-cp39-manylinux2014_x86_64.whl", hash = "sha256:b5c0a9737efd95fe18fd7715ce30dfce476546705ea8934aad6731777a9631a5"},
    {file = "jaxlib-0.4.13-cp39-cp39-win_amd64.whl", hash = "sha256:bebb4cf001f180dc431f9604daf930c2d9cc778e4dda26f401ac939b7bac912e"},
]

[package.dependencies]
ml-dtypes = ">=0.1.0"
numpy = ">=1.21"
scipy = ">=1.7"

[package.extras]
cuda11-pip = ["nvidia-cublas-cu11 (>=11.11)", "nvidia-cuda-cupti-cu11 (>=11.8)", "nvidia-cuda-nvcc-cu11 (>=11.8)", "nvidia-cuda-runtime-cu11 (>=11.8)", "nvidia-cudnn-cu11 (>=8.8)", "nvidia-cufft-cu11 (>=10.9)", "nvidia-cusolver-cu11 (>=11.4)", "nvidia-cusparse-cu11 (>=11.7)"]
cuda12-pip = ["nvidia-cublas-cu12", "nvidia-cuda-cupti-cu12", "nvidia-cuda-nvcc-cu12", "nvidia-cuda-runtime-cu12", "nvidia-cudnn-cu12 (>=8.9)", "nvidia-cufft-cu12", "nvidia-cusolver-cu12", "nvidia-cusparse-cu12"]

[[package]]
name = "jaxtyping"
version = "0.2.20"
description = "Type annotations and runtime checking for shape and dtype of JAX arrays, and PyTrees."
category = "main"
optional = false
python-versions = "~=3.9"
files = [
    {file = "jaxtyping-0.2.20-py3-none-any.whl", hash = "sha256:7038e71cc9352b67a8673d1fc39b6c7e95a326623a1fd43ee7c56faf20866ab9"},
    {file = "jaxtyping-0.2.20.tar.gz", hash = "sha256:dc2bd15e00b2f38ac5ddc02d3a8bb0202f1703ad91031e914bc77a768d9db8c5"},
]

[package.dependencies]
numpy = ">=1.20.0"
typeguard = ">=2.13.3"
typing-extensions = ">=3.7.4.1"

[[package]]
name = "ml-dtypes"
version = "0.2.0"
description = ""
category = "main"
optional = false
python-versions = ">=3.7"
files = [
    {file = "ml_dtypes-0.2.0-cp310-cp310-macosx_10_9_universal2.whl", hash = "sha256:df6a76e1c8adf484feb138ed323f9f40a7b6c21788f120f7c78bec20ac37ee81"},
    {file = "ml_dtypes-0.2.0-cp310-cp310-manylinux_2_17_aarch64.manylinux2014_aarch64.whl", hash = "sha256:bc29a0524ef5e23a7fbb8d881bdecabeb3fc1d19d9db61785d077a86cb94fab2"},
    {file = "ml_dtypes-0.2.0-cp310-cp310-manylinux_2_17_x86_64.manylinux2014_x86_64.whl", hash = "sha256:f08c391c2794f2aad358e6f4c70785a9a7b1df980ef4c232b3ccd4f6fe39f719"},
    {file = "ml_dtypes-0.2.0-cp310-cp310-win_amd64.whl", hash = "sha256:75015818a7fccf99a5e8ed18720cb430f3e71a8838388840f4cdf225c036c983"},
    {file = "ml_dtypes-0.2.0-cp311-cp311-macosx_10_9_universal2.whl", hash = "sha256:e70047ec2c83eaee01afdfdabee2c5b0c133804d90d0f7db4dd903360fcc537c"},
    {file = "ml_dtypes-0.2.0-cp311-cp311-manylinux_2_17_aarch64.manylinux2014_aarch64.whl", hash = "sha256:36d28b8861a8931695e5a31176cad5ae85f6504906650dea5598fbec06c94606"},
    {file = "ml_dtypes-0.2.0-cp311-cp311-manylinux_2_17_x86_64.manylinux2014_x86_64.whl", hash = "sha256:e85ba8e24cf48d456e564688e981cf379d4c8e644db0a2f719b78de281bac2ca"},
    {file = "ml_dtypes-0.2.0-cp311-cp311-win_amd64.whl", hash = "sha256:832a019a1b6db5c4422032ca9940a990fa104eee420f643713241b3a518977fa"},
    {file = "ml_dtypes-0.2.0-cp38-cp38-macosx_10_9_universal2.whl", hash = "sha256:8faaf0897942c8253dd126662776ba45f0a5861968cf0f06d6d465f8a7bc298a"},
    {file = "ml_dtypes-0.2.0-cp38-cp38-manylinux_2_17_aarch64.manylinux2014_aarch64.whl", hash = "sha256:35b984cddbe8173b545a0e3334fe56ea1a5c3eb67c507f60d0cfde1d3fa8f8c2"},
    {file = "ml_dtypes-0.2.0-cp38-cp38-manylinux_2_17_x86_64.manylinux2014_x86_64.whl", hash = "sha256:022d5a4ee6be14569c2a9d1549e16f1ec87ca949681d0dca59995445d5fcdd5b"},
    {file = "ml_dtypes-0.2.0-cp38-cp38-win_amd64.whl", hash = "sha256:50845af3e9a601810751b55091dee6c2562403fa1cb4e0123675cf3a4fc2c17a"},
    {file = "ml_dtypes-0.2.0-cp39-cp39-macosx_10_9_universal2.whl", hash = "sha256:f00c71c8c63e03aff313bc6a7aeaac9a4f1483a921a6ffefa6d4404efd1af3d0"},
    {file = "ml_dtypes-0.2.0-cp39-cp39-manylinux_2_17_aarch64.manylinux2014_aarch64.whl", hash = "sha256:80d304c836d73f10605c58ccf7789c171cc229bfb678748adfb7cea2510dfd0e"},
    {file = "ml_dtypes-0.2.0-cp39-cp39-manylinux_2_17_x86_64.manylinux2014_x86_64.whl", hash = "sha256:32107e7fa9f62db9a5281de923861325211dfff87bd23faefb27b303314635ab"},
    {file = "ml_dtypes-0.2.0-cp39-cp39-win_amd64.whl", hash = "sha256:1749b60348da71fd3c2ab303fdbc1965958dc50775ead41f5669c932a341cafd"},
    {file = "ml_dtypes-0.2.0.tar.gz", hash = "sha256:6488eb642acaaf08d8020f6de0a38acee7ac324c1e6e92ee0c0fea42422cb797"},
]

[package.dependencies]
numpy = [
    {version = ">=1.23.3", markers = "python_version > \"3.10\""},
    {version = ">=1.21.2", markers = "python_version > \"3.9\""},
]

[package.extras]
dev = ["absl-py", "pyink", "pylint (>=2.6.0)", "pytest", "pytest-xdist"]

[[package]]
name = "numpy"
version = "1.25.0"
description = "Fundamental package for array computing in Python"
category = "main"
optional = false
python-versions = ">=3.9"
files = [
    {file = "numpy-1.25.0-cp310-cp310-macosx_10_9_x86_64.whl", hash = "sha256:8aa130c3042052d656751df5e81f6d61edff3e289b5994edcf77f54118a8d9f4"},
    {file = "numpy-1.25.0-cp310-cp310-macosx_11_0_arm64.whl", hash = "sha256:9e3f2b96e3b63c978bc29daaa3700c028fe3f049ea3031b58aa33fe2a5809d24"},
    {file = "numpy-1.25.0-cp310-cp310-manylinux_2_17_aarch64.manylinux2014_aarch64.whl", hash = "sha256:d6b267f349a99d3908b56645eebf340cb58f01bd1e773b4eea1a905b3f0e4208"},
    {file = "numpy-1.25.0-cp310-cp310-manylinux_2_17_x86_64.manylinux2014_x86_64.whl", hash = "sha256:4aedd08f15d3045a4e9c648f1e04daca2ab1044256959f1f95aafeeb3d794c16"},
    {file = "numpy-1.25.0-cp310-cp310-musllinux_1_1_x86_64.whl", hash = "sha256:6d183b5c58513f74225c376643234c369468e02947b47942eacbb23c1671f25d"},
    {file = "numpy-1.25.0-cp310-cp310-win32.whl", hash = "sha256:d76a84998c51b8b68b40448ddd02bd1081bb33abcdc28beee6cd284fe11036c6"},
    {file = "numpy-1.25.0-cp310-cp310-win_amd64.whl", hash = "sha256:c0dc071017bc00abb7d7201bac06fa80333c6314477b3d10b52b58fa6a6e38f6"},
    {file = "numpy-1.25.0-cp311-cp311-macosx_10_9_x86_64.whl", hash = "sha256:4c69fe5f05eea336b7a740e114dec995e2f927003c30702d896892403df6dbf0"},
    {file = "numpy-1.25.0-cp311-cp311-macosx_11_0_arm64.whl", hash = "sha256:9c7211d7920b97aeca7b3773a6783492b5b93baba39e7c36054f6e749fc7490c"},
    {file = "numpy-1.25.0-cp311-cp311-manylinux_2_17_aarch64.manylinux2014_aarch64.whl", hash = "sha256:ecc68f11404930e9c7ecfc937aa423e1e50158317bf67ca91736a9864eae0232"},
    {file = "numpy-1.25.0-cp311-cp311-manylinux_2_17_x86_64.manylinux2014_x86_64.whl", hash = "sha256:e559c6afbca484072a98a51b6fa466aae785cfe89b69e8b856c3191bc8872a82"},
    {file = "numpy-1.25.0-cp311-cp311-musllinux_1_1_x86_64.whl", hash = "sha256:6c284907e37f5e04d2412950960894b143a648dea3f79290757eb878b91acbd1"},
    {file = "numpy-1.25.0-cp311-cp311-win32.whl", hash = "sha256:95367ccd88c07af21b379be1725b5322362bb83679d36691f124a16357390153"},
    {file = "numpy-1.25.0-cp311-cp311-win_amd64.whl", hash = "sha256:b76aa836a952059d70a2788a2d98cb2a533ccd46222558b6970348939e55fc24"},
    {file = "numpy-1.25.0-cp39-cp39-macosx_10_9_x86_64.whl", hash = "sha256:b792164e539d99d93e4e5e09ae10f8cbe5466de7d759fc155e075237e0c274e4"},
    {file = "numpy-1.25.0-cp39-cp39-macosx_11_0_arm64.whl", hash = "sha256:7cd981ccc0afe49b9883f14761bb57c964df71124dcd155b0cba2b591f0d64b9"},
    {file = "numpy-1.25.0-cp39-cp39-manylinux_2_17_aarch64.manylinux2014_aarch64.whl", hash = "sha256:5aa48bebfb41f93043a796128854b84407d4df730d3fb6e5dc36402f5cd594c0"},
    {file = "numpy-1.25.0-cp39-cp39-manylinux_2_17_x86_64.manylinux2014_x86_64.whl", hash = "sha256:5177310ac2e63d6603f659fadc1e7bab33dd5a8db4e0596df34214eeab0fee3b"},
    {file = "numpy-1.25.0-cp39-cp39-musllinux_1_1_x86_64.whl", hash = "sha256:0ac6edfb35d2a99aaf102b509c8e9319c499ebd4978df4971b94419a116d0790"},
    {file = "numpy-1.25.0-cp39-cp39-win32.whl", hash = "sha256:7412125b4f18aeddca2ecd7219ea2d2708f697943e6f624be41aa5f8a9852cc4"},
    {file = "numpy-1.25.0-cp39-cp39-win_amd64.whl", hash = "sha256:26815c6c8498dc49d81faa76d61078c4f9f0859ce7817919021b9eba72b425e3"},
    {file = "numpy-1.25.0-pp39-pypy39_pp73-macosx_10_9_x86_64.whl", hash = "sha256:5b1b90860bf7d8a8c313b372d4f27343a54f415b20fb69dd601b7efe1029c91e"},
    {file = "numpy-1.25.0-pp39-pypy39_pp73-manylinux_2_17_x86_64.manylinux2014_x86_64.whl", hash = "sha256:85cdae87d8c136fd4da4dad1e48064d700f63e923d5af6c8c782ac0df8044542"},
    {file = "numpy-1.25.0-pp39-pypy39_pp73-win_amd64.whl", hash = "sha256:cc3fda2b36482891db1060f00f881c77f9423eead4c3579629940a3e12095fe8"},
    {file = "numpy-1.25.0.tar.gz", hash = "sha256:f1accae9a28dc3cda46a91de86acf69de0d1b5f4edd44a9b0c3ceb8036dfff19"},
]

[[package]]
name = "opt-einsum"
version = "3.3.0"
description = "Optimizing numpys einsum function"
category = "main"
optional = false
python-versions = ">=3.5"
files = [
    {file = "opt_einsum-3.3.0-py3-none-any.whl", hash = "sha256:2455e59e3947d3c275477df7f5205b30635e266fe6dc300e3d9f9646bfcea147"},
    {file = "opt_einsum-3.3.0.tar.gz", hash = "sha256:59f6475f77bbc37dcf7cd748519c0ec60722e91e63ca114e68821c0c54a46549"},
]

[package.dependencies]
numpy = ">=1.7"

[package.extras]
docs = ["numpydoc", "sphinx (==1.2.3)", "sphinx-rtd-theme", "sphinxcontrib-napoleon"]
tests = ["pytest", "pytest-cov", "pytest-pep8"]

[[package]]
name = "optax"
version = "0.1.5"
description = "A gradient processing and optimisation library in JAX."
category = "main"
optional = false
python-versions = ">=3.8"
files = [
    {file = "optax-0.1.5-py3-none-any.whl", hash = "sha256:4057461448abd1fccdefd5e6c7ebc6ea8daa3105041f2631d6efd506544ecde0"},
    {file = "optax-0.1.5.tar.gz", hash = "sha256:0aa379b56f51dbd525562f5ee6805a180a2616f3e9fe8080582352bcbb520f2e"},
]

[package.dependencies]
absl-py = ">=0.7.1"
chex = ">=0.1.5"
jax = ">=0.1.55"
jaxlib = ">=0.1.37"
numpy = ">=1.18.0"

[[package]]
name = "scipy"
version = "1.9.3"
description = "Fundamental algorithms for scientific computing in Python"
category = "main"
optional = false
python-versions = ">=3.8"
files = [
    {file = "scipy-1.9.3-cp310-cp310-macosx_10_9_x86_64.whl", hash = "sha256:1884b66a54887e21addf9c16fb588720a8309a57b2e258ae1c7986d4444d3bc0"},
    {file = "scipy-1.9.3-cp310-cp310-macosx_12_0_arm64.whl", hash = "sha256:83b89e9586c62e787f5012e8475fbb12185bafb996a03257e9675cd73d3736dd"},
    {file = "scipy-1.9.3-cp310-cp310-manylinux_2_17_aarch64.manylinux2014_aarch64.whl", hash = "sha256:1a72d885fa44247f92743fc20732ae55564ff2a519e8302fb7e18717c5355a8b"},
    {file = "scipy-1.9.3-cp310-cp310-manylinux_2_17_x86_64.manylinux2014_x86_64.whl", hash = "sha256:d01e1dd7b15bd2449c8bfc6b7cc67d630700ed655654f0dfcf121600bad205c9"},
    {file = "scipy-1.9.3-cp310-cp310-win_amd64.whl", hash = "sha256:68239b6aa6f9c593da8be1509a05cb7f9efe98b80f43a5861cd24c7557e98523"},
    {file = "scipy-1.9.3-cp311-cp311-macosx_10_9_x86_64.whl", hash = "sha256:b41bc822679ad1c9a5f023bc93f6d0543129ca0f37c1ce294dd9d386f0a21096"},
    {file = "scipy-1.9.3-cp311-cp311-macosx_12_0_arm64.whl", hash = "sha256:90453d2b93ea82a9f434e4e1cba043e779ff67b92f7a0e85d05d286a3625df3c"},
    {file = "scipy-1.9.3-cp311-cp311-manylinux_2_17_aarch64.manylinux2014_aarch64.whl", hash = "sha256:83c06e62a390a9167da60bedd4575a14c1f58ca9dfde59830fc42e5197283dab"},
    {file = "scipy-1.9.3-cp311-cp311-manylinux_2_17_x86_64.manylinux2014_x86_64.whl", hash = "sha256:abaf921531b5aeaafced90157db505e10345e45038c39e5d9b6c7922d68085cb"},
    {file = "scipy-1.9.3-cp311-cp311-win_amd64.whl", hash = "sha256:06d2e1b4c491dc7d8eacea139a1b0b295f74e1a1a0f704c375028f8320d16e31"},
    {file = "scipy-1.9.3-cp38-cp38-macosx_10_9_x86_64.whl", hash = "sha256:5a04cd7d0d3eff6ea4719371cbc44df31411862b9646db617c99718ff68d4840"},
    {file = "scipy-1.9.3-cp38-cp38-macosx_12_0_arm64.whl", hash = "sha256:545c83ffb518094d8c9d83cce216c0c32f8c04aaf28b92cc8283eda0685162d5"},
    {file = "scipy-1.9.3-cp38-cp38-manylinux_2_17_aarch64.manylinux2014_aarch64.whl", hash = "sha256:0d54222d7a3ba6022fdf5773931b5d7c56efe41ede7f7128c7b1637700409108"},
    {file = "scipy-1.9.3-cp38-cp38-manylinux_2_17_x86_64.manylinux2014_x86_64.whl", hash = "sha256:cff3a5295234037e39500d35316a4c5794739433528310e117b8a9a0c76d20fc"},
    {file = "scipy-1.9.3-cp38-cp38-win_amd64.whl", hash = "sha256:2318bef588acc7a574f5bfdff9c172d0b1bf2c8143d9582e05f878e580a3781e"},
    {file = "scipy-1.9.3-cp39-cp39-macosx_10_9_x86_64.whl", hash = "sha256:d644a64e174c16cb4b2e41dfea6af722053e83d066da7343f333a54dae9bc31c"},
    {file = "scipy-1.9.3-cp39-cp39-macosx_12_0_arm64.whl", hash = "sha256:da8245491d73ed0a994ed9c2e380fd058ce2fa8a18da204681f2fe1f57f98f95"},
    {file = "scipy-1.9.3-cp39-cp39-manylinux_2_17_aarch64.manylinux2014_aarch64.whl", hash = "sha256:4db5b30849606a95dcf519763dd3ab6fe9bd91df49eba517359e450a7d80ce2e"},
    {file = "scipy-1.9.3-cp39-cp39-manylinux_2_17_x86_64.manylinux2014_x86_64.whl", hash = "sha256:c68db6b290cbd4049012990d7fe71a2abd9ffbe82c0056ebe0f01df8be5436b0"},
    {file = "scipy-1.9.3-cp39-cp39-win_amd64.whl", hash = "sha256:5b88e6d91ad9d59478fafe92a7c757d00c59e3bdc3331be8ada76a4f8d683f58"},
    {file = "scipy-1.9.3.tar.gz", hash = "sha256:fbc5c05c85c1a02be77b1ff591087c83bc44579c6d2bd9fb798bb64ea5e1a027"},
]

[package.dependencies]
numpy = ">=1.18.5,<1.26.0"

[package.extras]
dev = ["flake8", "mypy", "pycodestyle", "typing_extensions"]
doc = ["matplotlib (>2)", "numpydoc", "pydata-sphinx-theme (==0.9.0)", "sphinx (!=4.1.0)", "sphinx-panels (>=0.5.2)", "sphinx-tabs"]
test = ["asv", "gmpy2", "mpmath", "pytest", "pytest-cov", "pytest-xdist", "scikit-umfpack", "threadpoolctl"]

[[package]]
name = "toolz"
version = "0.12.0"
description = "List processing tools and functional utilities"
category = "main"
optional = false
python-versions = ">=3.5"
files = [
    {file = "toolz-0.12.0-py3-none-any.whl", hash = "sha256:2059bd4148deb1884bb0eb770a3cde70e7f954cfbbdc2285f1f2de01fd21eb6f"},
    {file = "toolz-0.12.0.tar.gz", hash = "sha256:88c570861c440ee3f2f6037c4654613228ff40c93a6c25e0eba70d17282c6194"},
]

[[package]]
name = "typeguard"
version = "4.0.0"
description = "Run-time type checker for Python"
category = "main"
optional = false
python-versions = ">=3.7.4"
files = [
    {file = "typeguard-4.0.0-py3-none-any.whl", hash = "sha256:c4a40af0ba8a41077221271b46d0a6d8d46045443e4d887887c69254ca861952"},
    {file = "typeguard-4.0.0.tar.gz", hash = "sha256:194fb3dbcb06ea9caf7088f3befee014de57961689f9c859ac5239b1ef61d987"},
]

[package.dependencies]
typing-extensions = {version = ">=4.4.0", markers = "python_version < \"3.11\""}

[package.extras]
doc = ["packaging", "sphinx-autodoc-typehints (>=1.2.0)", "sphinx-rtd-theme"]
test = ["mypy (>=1.2.0)", "pytest (>=7)"]

[[package]]
name = "typing-extensions"
version = "4.6.3"
description = "Backported and Experimental Type Hints for Python 3.7+"
category = "main"
optional = false
python-versions = ">=3.7"
files = [
    {file = "typing_extensions-4.6.3-py3-none-any.whl", hash = "sha256:88a4153d8505aabbb4e13aacb7c486c2b4a33ca3b3f807914a9b4c844c471c26"},
    {file = "typing_extensions-4.6.3.tar.gz", hash = "sha256:d91d5919357fe7f681a9f2b5b4cb2a5f1ef0a1e9f59c4d8ff0d3491e05c0ffd5"},
]

[metadata]
lock-version = "2.0"
python-versions = "^3.10"
content-hash = "430a71842979e9cf1ff6d9c5188f4b5f54a9c1163be1827340dff5db06b80621"
